# @generated by Move, please check-in and do not edit manually.

[move]
version = 0
manifest_digest = "15630E26B722951DCAD25E871DFC91A4C4A0C15976A591C2AACFA776ACB9C6D1"
deps_digest = "F8BBB0CCB2491CA29A3DF03D6F92277A4F3574266507ACD77214D37ECA3F3082"

dependencies = [
  { name = "Sui" },
]

[[move.package]]
name = "MoveStdlib"
source = { git = "https://github.com/MystenLabs/sui.git", rev = "framework/testnet", subdir = "crates/sui-framework/packages/move-stdlib" }

[[move.package]]
name = "Sui"
source = { git = "https://github.com/MystenLabs/sui.git", rev = "framework/testnet", subdir = "crates/sui-framework/packages/sui-framework" }

dependencies = [
  { name = "MoveStdlib" },
]

[move.toolchain-version]
compiler-version = "1.23.0"
edition = "2024.beta"
flavor = "sui"

[env]

[env.devnet]
chain-id = "69a65b6d"
original-published-id = "0x7011f0e588f662863fa6d6894a0b1c2e3d9cc702f81b9beeed2fd750f161bd11"
latest-published-id = "0x7011f0e588f662863fa6d6894a0b1c2e3d9cc702f81b9beeed2fd750f161bd11"
published-version = "1"
